
Microsoft Visual Studio Solution File, Format Version 12.00
# Visual Studio 15
VisualStudioVersion = 15.0.26124.0
MinimumVisualStudioVersion = 15.0.26124.0
Project("{FAE04EC0-301F-11D3-BF4B-00C04F79EFBC}") = "Ludwig.Presentation", "Ludwig.Presentation\Ludwig.Presentation.csproj", "{6130E108-3DA0-4680-8F99-9CB7735262DC}"
EndProject
Project("{FAE04EC0-301F-11D3-BF4B-00C04F79EFBC}") = "Ludwig.Contracts", "Ludwig.Contracts\Ludwig.Contracts.csproj", "{59B7A99E-18DB-4560-ACF8-CD0CF83730B7}"
EndProject
Project("{FAE04EC0-301F-11D3-BF4B-00C04F79EFBC}") = "Ludwig.IssueManager.Jira", "Ludwig.IssueManager.Jira\Ludwig.IssueManager.Jira.csproj", "{B9393A07-5DBC-4F9C-8FF6-890AF0518323}"
EndProject
Project("{FAE04EC0-301F-11D3-BF4B-00C04F79EFBC}") = "Ludwig.IssueManager.Fake", "Ludwig.IssueManager.Fake\Ludwig.IssueManager.Fake.csproj", "{CE196C4D-10D0-4527-A935-A013A54A0A48}"
EndProject
Project("{FAE04EC0-301F-11D3-BF4B-00C04F79EFBC}") = "Ludwig.Common", "Ludwig.Common\Ludwig.Common.csproj", "{BBAFA4F9-3208-4AE4-B395-7EF9E2574D63}"
EndProject
Project("{FAE04EC0-301F-11D3-BF4B-00C04F79EFBC}") = "Ludwig.IssueManager.Gitlab", "Ludwig.IssueManager.Gitlab\Ludwig.IssueManager.Gitlab.csproj", "{0DA59768-0CE2-4C50-8EDF-AF3DF42B9F20}"
EndProject
Project("{FAE04EC0-301F-11D3-BF4B-00C04F79EFBC}") = "Ludwig.DataAccess.Meadow", "Ludwig.DataAccess.Meadow\Ludwig.DataAccess.Meadow.csproj", "{BD8F3504-862E-4265-BAA9-D3319C32028C}"
EndProject
Project("{FAE04EC0-301F-11D3-BF4B-00C04F79EFBC}") = "Ludwig.DataAccess.Models", "Ludwig.DataAccess.Models\Ludwig.DataAccess.Models.csproj", "{E84707DB-C299-4EE6-B718-B20240EA2630}"
EndProject
Project("{FAE04EC0-301F-11D3-BF4B-00C04F79EFBC}") = "Ludwig.DataAccess.Contracts", "Ludwig.DataAccess.Contracts\Ludwig.DataAccess.Contracts.csproj", "{2340574C-D960-4950-8F55-BDB29983A217}"
EndProject
Project("{FAE04EC0-301F-11D3-BF4B-00C04F79EFBC}") = "Ludwig.DataServices.Contracts", "Ludwig.DataServices.Contracts\Ludwig.DataServices.Contracts.csproj", "{DBFFFD4C-2490-433C-BD21-024E04E2950B}"
EndProject
Project("{FAE04EC0-301F-11D3-BF4B-00C04F79EFBC}") = "Ludwig.DataServices", "Ludwig.DataServices\Ludwig.DataServices.csproj", "{FAA3D51A-5E2A-4C4C-ACA8-569786721B4A}"
EndProject
Global
	GlobalSection(SolutionConfigurationPlatforms) = preSolution
		Debug|Any CPU = Debug|Any CPU
		Debug|x64 = Debug|x64
		Debug|x86 = Debug|x86
		Release|Any CPU = Release|Any CPU
		Release|x64 = Release|x64
		Release|x86 = Release|x86
	EndGlobalSection
	GlobalSection(SolutionProperties) = preSolution
		HideSolutionNode = FALSE
	EndGlobalSection
	GlobalSection(ProjectConfigurationPlatforms) = postSolution
		{6130E108-3DA0-4680-8F99-9CB7735262DC}.Debug|Any CPU.ActiveCfg = Debug|Any CPU
		{6130E108-3DA0-4680-8F99-9CB7735262DC}.Debug|Any CPU.Build.0 = Debug|Any CPU
		{6130E108-3DA0-4680-8F99-9CB7735262DC}.Debug|x64.ActiveCfg = Debug|Any CPU
		{6130E108-3DA0-4680-8F99-9CB7735262DC}.Debug|x64.Build.0 = Debug|Any CPU
		{6130E108-3DA0-4680-8F99-9CB7735262DC}.Debug|x86.ActiveCfg = Debug|Any CPU
		{6130E108-3DA0-4680-8F99-9CB7735262DC}.Debug|x86.Build.0 = Debug|Any CPU
		{6130E108-3DA0-4680-8F99-9CB7735262DC}.Release|Any CPU.ActiveCfg = Release|Any CPU
		{6130E108-3DA0-4680-8F99-9CB7735262DC}.Release|Any CPU.Build.0 = Release|Any CPU
		{6130E108-3DA0-4680-8F99-9CB7735262DC}.Release|x64.ActiveCfg = Release|Any CPU
		{6130E108-3DA0-4680-8F99-9CB7735262DC}.Release|x64.Build.0 = Release|Any CPU
		{6130E108-3DA0-4680-8F99-9CB7735262DC}.Release|x86.ActiveCfg = Release|Any CPU
		{6130E108-3DA0-4680-8F99-9CB7735262DC}.Release|x86.Build.0 = Release|Any CPU
		{59B7A99E-18DB-4560-ACF8-CD0CF83730B7}.Debug|Any CPU.ActiveCfg = Debug|Any CPU
		{59B7A99E-18DB-4560-ACF8-CD0CF83730B7}.Debug|Any CPU.Build.0 = Debug|Any CPU
		{59B7A99E-18DB-4560-ACF8-CD0CF83730B7}.Debug|x64.ActiveCfg = Debug|Any CPU
		{59B7A99E-18DB-4560-ACF8-CD0CF83730B7}.Debug|x64.Build.0 = Debug|Any CPU
		{59B7A99E-18DB-4560-ACF8-CD0CF83730B7}.Debug|x86.ActiveCfg = Debug|Any CPU
		{59B7A99E-18DB-4560-ACF8-CD0CF83730B7}.Debug|x86.Build.0 = Debug|Any CPU
		{59B7A99E-18DB-4560-ACF8-CD0CF83730B7}.Release|Any CPU.ActiveCfg = Release|Any CPU
		{59B7A99E-18DB-4560-ACF8-CD0CF83730B7}.Release|Any CPU.Build.0 = Release|Any CPU
		{59B7A99E-18DB-4560-ACF8-CD0CF83730B7}.Release|x64.ActiveCfg = Release|Any CPU
		{59B7A99E-18DB-4560-ACF8-CD0CF83730B7}.Release|x64.Build.0 = Release|Any CPU
		{59B7A99E-18DB-4560-ACF8-CD0CF83730B7}.Release|x86.ActiveCfg = Release|Any CPU
		{59B7A99E-18DB-4560-ACF8-CD0CF83730B7}.Release|x86.Build.0 = Release|Any CPU
		{B9393A07-5DBC-4F9C-8FF6-890AF0518323}.Debug|Any CPU.ActiveCfg = Debug|Any CPU
		{B9393A07-5DBC-4F9C-8FF6-890AF0518323}.Debug|Any CPU.Build.0 = Debug|Any CPU
		{B9393A07-5DBC-4F9C-8FF6-890AF0518323}.Debug|x64.ActiveCfg = Debug|Any CPU
		{B9393A07-5DBC-4F9C-8FF6-890AF0518323}.Debug|x64.Build.0 = Debug|Any CPU
		{B9393A07-5DBC-4F9C-8FF6-890AF0518323}.Debug|x86.ActiveCfg = Debug|Any CPU
		{B9393A07-5DBC-4F9C-8FF6-890AF0518323}.Debug|x86.Build.0 = Debug|Any CPU
		{B9393A07-5DBC-4F9C-8FF6-890AF0518323}.Release|Any CPU.ActiveCfg = Release|Any CPU
		{B9393A07-5DBC-4F9C-8FF6-890AF0518323}.Release|Any CPU.Build.0 = Release|Any CPU
		{B9393A07-5DBC-4F9C-8FF6-890AF0518323}.Release|x64.ActiveCfg = Release|Any CPU
		{B9393A07-5DBC-4F9C-8FF6-890AF0518323}.Release|x64.Build.0 = Release|Any CPU
		{B9393A07-5DBC-4F9C-8FF6-890AF0518323}.Release|x86.ActiveCfg = Release|Any CPU
		{B9393A07-5DBC-4F9C-8FF6-890AF0518323}.Release|x86.Build.0 = Release|Any CPU
		{CE196C4D-10D0-4527-A935-A013A54A0A48}.Debug|Any CPU.ActiveCfg = Debug|Any CPU
		{CE196C4D-10D0-4527-A935-A013A54A0A48}.Debug|Any CPU.Build.0 = Debug|Any CPU
		{CE196C4D-10D0-4527-A935-A013A54A0A48}.Debug|x64.ActiveCfg = Debug|Any CPU
		{CE196C4D-10D0-4527-A935-A013A54A0A48}.Debug|x64.Build.0 = Debug|Any CPU
		{CE196C4D-10D0-4527-A935-A013A54A0A48}.Debug|x86.ActiveCfg = Debug|Any CPU
		{CE196C4D-10D0-4527-A935-A013A54A0A48}.Debug|x86.Build.0 = Debug|Any CPU
		{CE196C4D-10D0-4527-A935-A013A54A0A48}.Release|Any CPU.ActiveCfg = Release|Any CPU
		{CE196C4D-10D0-4527-A935-A013A54A0A48}.Release|Any CPU.Build.0 = Release|Any CPU
		{CE196C4D-10D0-4527-A935-A013A54A0A48}.Release|x64.ActiveCfg = Release|Any CPU
		{CE196C4D-10D0-4527-A935-A013A54A0A48}.Release|x64.Build.0 = Release|Any CPU
		{CE196C4D-10D0-4527-A935-A013A54A0A48}.Release|x86.ActiveCfg = Release|Any CPU
		{CE196C4D-10D0-4527-A935-A013A54A0A48}.Release|x86.Build.0 = Release|Any CPU
		{BBAFA4F9-3208-4AE4-B395-7EF9E2574D63}.Debug|Any CPU.ActiveCfg = Debug|Any CPU
		{BBAFA4F9-3208-4AE4-B395-7EF9E2574D63}.Debug|Any CPU.Build.0 = Debug|Any CPU
		{BBAFA4F9-3208-4AE4-B395-7EF9E2574D63}.Debug|x64.ActiveCfg = Debug|Any CPU
		{BBAFA4F9-3208-4AE4-B395-7EF9E2574D63}.Debug|x64.Build.0 = Debug|Any CPU
		{BBAFA4F9-3208-4AE4-B395-7EF9E2574D63}.Debug|x86.ActiveCfg = Debug|Any CPU
		{BBAFA4F9-3208-4AE4-B395-7EF9E2574D63}.Debug|x86.Build.0 = Debug|Any CPU
		{BBAFA4F9-3208-4AE4-B395-7EF9E2574D63}.Release|Any CPU.ActiveCfg = Release|Any CPU
		{BBAFA4F9-3208-4AE4-B395-7EF9E2574D63}.Release|Any CPU.Build.0 = Release|Any CPU
		{BBAFA4F9-3208-4AE4-B395-7EF9E2574D63}.Release|x64.ActiveCfg = Release|Any CPU
		{BBAFA4F9-3208-4AE4-B395-7EF9E2574D63}.Release|x64.Build.0 = Release|Any CPU
		{BBAFA4F9-3208-4AE4-B395-7EF9E2574D63}.Release|x86.ActiveCfg = Release|Any CPU
		{BBAFA4F9-3208-4AE4-B395-7EF9E2574D63}.Release|x86.Build.0 = Release|Any CPU
		{0DA59768-0CE2-4C50-8EDF-AF3DF42B9F20}.Debug|Any CPU.ActiveCfg = Debug|Any CPU
		{0DA59768-0CE2-4C50-8EDF-AF3DF42B9F20}.Debug|Any CPU.Build.0 = Debug|Any CPU
		{0DA59768-0CE2-4C50-8EDF-AF3DF42B9F20}.Debug|x64.ActiveCfg = Debug|Any CPU
		{0DA59768-0CE2-4C50-8EDF-AF3DF42B9F20}.Debug|x64.Build.0 = Debug|Any CPU
		{0DA59768-0CE2-4C50-8EDF-AF3DF42B9F20}.Debug|x86.ActiveCfg = Debug|Any CPU
		{0DA59768-0CE2-4C50-8EDF-AF3DF42B9F20}.Debug|x86.Build.0 = Debug|Any CPU
		{0DA59768-0CE2-4C50-8EDF-AF3DF42B9F20}.Release|Any CPU.ActiveCfg = Release|Any CPU
		{0DA59768-0CE2-4C50-8EDF-AF3DF42B9F20}.Release|Any CPU.Build.0 = Release|Any CPU
		{0DA59768-0CE2-4C50-8EDF-AF3DF42B9F20}.Release|x64.ActiveCfg = Release|Any CPU
		{0DA59768-0CE2-4C50-8EDF-AF3DF42B9F20}.Release|x64.Build.0 = Release|Any CPU
		{0DA59768-0CE2-4C50-8EDF-AF3DF42B9F20}.Release|x86.ActiveCfg = Release|Any CPU
		{0DA59768-0CE2-4C50-8EDF-AF3DF42B9F20}.Release|x86.Build.0 = Release|Any CPU
		{BD8F3504-862E-4265-BAA9-D3319C32028C}.Debug|Any CPU.ActiveCfg = Debug|Any CPU
		{BD8F3504-862E-4265-BAA9-D3319C32028C}.Debug|Any CPU.Build.0 = Debug|Any CPU
		{BD8F3504-862E-4265-BAA9-D3319C32028C}.Debug|x64.ActiveCfg = Debug|Any CPU
		{BD8F3504-862E-4265-BAA9-D3319C32028C}.Debug|x64.Build.0 = Debug|Any CPU
		{BD8F3504-862E-4265-BAA9-D3319C32028C}.Debug|x86.ActiveCfg = Debug|Any CPU
		{BD8F3504-862E-4265-BAA9-D3319C32028C}.Debug|x86.Build.0 = Debug|Any CPU
		{BD8F3504-862E-4265-BAA9-D3319C32028C}.Release|Any CPU.ActiveCfg = Release|Any CPU
		{BD8F3504-862E-4265-BAA9-D3319C32028C}.Release|Any CPU.Build.0 = Release|Any CPU
		{BD8F3504-862E-4265-BAA9-D3319C32028C}.Release|x64.ActiveCfg = Release|Any CPU
		{BD8F3504-862E-4265-BAA9-D3319C32028C}.Release|x64.Build.0 = Release|Any CPU
		{BD8F3504-862E-4265-BAA9-D3319C32028C}.Release|x86.ActiveCfg = Release|Any CPU
		{BD8F3504-862E-4265-BAA9-D3319C32028C}.Release|x86.Build.0 = Release|Any CPU
		{E84707DB-C299-4EE6-B718-B20240EA2630}.Debug|Any CPU.ActiveCfg = Debug|Any CPU
		{E84707DB-C299-4EE6-B718-B20240EA2630}.Debug|Any CPU.Build.0 = Debug|Any CPU
		{E84707DB-C299-4EE6-B718-B20240EA2630}.Debug|x64.ActiveCfg = Debug|Any CPU
		{E84707DB-C299-4EE6-B718-B20240EA2630}.Debug|x64.Build.0 = Debug|Any CPU
		{E84707DB-C299-4EE6-B718-B20240EA2630}.Debug|x86.ActiveCfg = Debug|Any CPU
		{E84707DB-C299-4EE6-B718-B20240EA2630}.Debug|x86.Build.0 = Debug|Any CPU
		{E84707DB-C299-4EE6-B718-B20240EA2630}.Release|Any CPU.ActiveCfg = Release|Any CPU
		{E84707DB-C299-4EE6-B718-B20240EA2630}.Release|Any CPU.Build.0 = Release|Any CPU
		{E84707DB-C299-4EE6-B718-B20240EA2630}.Release|x64.ActiveCfg = Release|Any CPU
		{E84707DB-C299-4EE6-B718-B20240EA2630}.Release|x64.Build.0 = Release|Any CPU
		{E84707DB-C299-4EE6-B718-B20240EA2630}.Release|x86.ActiveCfg = Release|Any CPU
		{E84707DB-C299-4EE6-B718-B20240EA2630}.Release|x86.Build.0 = Release|Any CPU
		{2340574C-D960-4950-8F55-BDB29983A217}.Debug|Any CPU.ActiveCfg = Debug|Any CPU
		{2340574C-D960-4950-8F55-BDB29983A217}.Debug|Any CPU.Build.0 = Debug|Any CPU
		{2340574C-D960-4950-8F55-BDB29983A217}.Debug|x64.ActiveCfg = Debug|Any CPU
		{2340574C-D960-4950-8F55-BDB29983A217}.Debug|x64.Build.0 = Debug|Any CPU
		{2340574C-D960-4950-8F55-BDB29983A217}.Debug|x86.ActiveCfg = Debug|Any CPU
		{2340574C-D960-4950-8F55-BDB29983A217}.Debug|x86.Build.0 = Debug|Any CPU
		{2340574C-D960-4950-8F55-BDB29983A217}.Release|Any CPU.ActiveCfg = Release|Any CPU
		{2340574C-D960-4950-8F55-BDB29983A217}.Release|Any CPU.Build.0 = Release|Any CPU
		{2340574C-D960-4950-8F55-BDB29983A217}.Release|x64.ActiveCfg = Release|Any CPU
		{2340574C-D960-4950-8F55-BDB29983A217}.Release|x64.Build.0 = Release|Any CPU
		{2340574C-D960-4950-8F55-BDB29983A217}.Release|x86.ActiveCfg = Release|Any CPU
		{2340574C-D960-4950-8F55-BDB29983A217}.Release|x86.Build.0 = Release|Any CPU
		{DBFFFD4C-2490-433C-BD21-024E04E2950B}.Debug|Any CPU.ActiveCfg = Debug|Any CPU
		{DBFFFD4C-2490-433C-BD21-024E04E2950B}.Debug|Any CPU.Build.0 = Debug|Any CPU
		{DBFFFD4C-2490-433C-BD21-024E04E2950B}.Debug|x64.ActiveCfg = Debug|Any CPU
		{DBFFFD4C-2490-433C-BD21-024E04E2950B}.Debug|x64.Build.0 = Debug|Any CPU
		{DBFFFD4C-2490-433C-BD21-024E04E2950B}.Debug|x86.ActiveCfg = Debug|Any CPU
		{DBFFFD4C-2490-433C-BD21-024E04E2950B}.Debug|x86.Build.0 = Debug|Any CPU
		{DBFFFD4C-2490-433C-BD21-024E04E2950B}.Release|Any CPU.ActiveCfg = Release|Any CPU
		{DBFFFD4C-2490-433C-BD21-024E04E2950B}.Release|Any CPU.Build.0 = Release|Any CPU
		{DBFFFD4C-2490-433C-BD21-024E04E2950B}.Release|x64.ActiveCfg = Release|Any CPU
		{DBFFFD4C-2490-433C-BD21-024E04E2950B}.Release|x64.Build.0 = Release|Any CPU
		{DBFFFD4C-2490-433C-BD21-024E04E2950B}.Release|x86.ActiveCfg = Release|Any CPU
		{DBFFFD4C-2490-433C-BD21-024E04E2950B}.Release|x86.Build.0 = Release|Any CPU
		{FAA3D51A-5E2A-4C4C-ACA8-569786721B4A}.Debug|Any CPU.ActiveCfg = Debug|Any CPU
		{FAA3D51A-5E2A-4C4C-ACA8-569786721B4A}.Debug|Any CPU.Build.0 = Debug|Any CPU
		{FAA3D51A-5E2A-4C4C-ACA8-569786721B4A}.Debug|x64.ActiveCfg = Debug|Any CPU
		{FAA3D51A-5E2A-4C4C-ACA8-569786721B4A}.Debug|x64.Build.0 = Debug|Any CPU
		{FAA3D51A-5E2A-4C4C-ACA8-569786721B4A}.Debug|x86.ActiveCfg = Debug|Any CPU
		{FAA3D51A-5E2A-4C4C-ACA8-569786721B4A}.Debug|x86.Build.0 = Debug|Any CPU
		{FAA3D51A-5E2A-4C4C-ACA8-569786721B4A}.Release|Any CPU.ActiveCfg = Release|Any CPU
		{FAA3D51A-5E2A-4C4C-ACA8-569786721B4A}.Release|Any CPU.Build.0 = Release|Any CPU
		{FAA3D51A-5E2A-4C4C-ACA8-569786721B4A}.Release|x64.ActiveCfg = Release|Any CPU
		{FAA3D51A-5E2A-4C4C-ACA8-569786721B4A}.Release|x64.Build.0 = Release|Any CPU
		{FAA3D51A-5E2A-4C4C-ACA8-569786721B4A}.Release|x86.ActiveCfg = Release|Any CPU
		{FAA3D51A-5E2A-4C4C-ACA8-569786721B4A}.Release|x86.Build.0 = Release|Any CPU
	EndGlobalSection
EndGlobal
